
Microsoft Visual Studio Solution File, Format Version 12.00
# Visual Studio Version 16
VisualStudioVersion = 16.0.31205.134
MinimumVisualStudioVersion = 10.0.40219.1
Project("{FAE04EC0-301F-11D3-BF4B-00C04F79EFBC}") = "laba7", "laba7\laba7.csproj", "{1B5C3A97-2B35-4E4A-B7E9-EC653F3093CE}"
EndProject
Project("{FAE04EC0-301F-11D3-BF4B-00C04F79EFBC}") = "Domain", "Domain\Domain.csproj", "{F7C6A7E0-8427-4CDB-97E8-46C19078CF48}"
EndProject
Project("{FAE04EC0-301F-11D3-BF4B-00C04F79EFBC}") = "BL", "BL\BL.csproj", "{5FA1F144-2DC5-4815-A5F2-E29A457F25BB}"
EndProject
Global
	GlobalSection(SolutionConfigurationPlatforms) = preSolution
		Debug|Any CPU = Debug|Any CPU
		Release|Any CPU = Release|Any CPU
	EndGlobalSection
	GlobalSection(ProjectConfigurationPlatforms) = postSolution
		{1B5C3A97-2B35-4E4A-B7E9-EC653F3093CE}.Debug|Any CPU.ActiveCfg = Debug|Any CPU
		{1B5C3A97-2B35-4E4A-B7E9-EC653F3093CE}.Debug|Any CPU.Build.0 = Debug|Any CPU
		{1B5C3A97-2B35-4E4A-B7E9-EC653F3093CE}.Release|Any CPU.ActiveCfg = Release|Any CPU
		{1B5C3A97-2B35-4E4A-B7E9-EC653F3093CE}.Release|Any CPU.Build.0 = Release|Any CPU
		{F7C6A7E0-8427-4CDB-97E8-46C19078CF48}.Debug|Any CPU.ActiveCfg = Debug|Any CPU
		{F7C6A7E0-8427-4CDB-97E8-46C19078CF48}.Debug|Any CPU.Build.0 = Debug|Any CPU
		{F7C6A7E0-8427-4CDB-97E8-46C19078CF48}.Release|Any CPU.ActiveCfg = Release|Any CPU
		{F7C6A7E0-8427-4CDB-97E8-46C19078CF48}.Release|Any CPU.Build.0 = Release|Any CPU
		{5FA1F144-2DC5-4815-A5F2-E29A457F25BB}.Debug|Any CPU.ActiveCfg = Debug|Any CPU
		{5FA1F144-2DC5-4815-A5F2-E29A457F25BB}.Debug|Any CPU.Build.0 = Debug|Any CPU
		{5FA1F144-2DC5-4815-A5F2-E29A457F25BB}.Release|Any CPU.ActiveCfg = Release|Any CPU
		{5FA1F144-2DC5-4815-A5F2-E29A457F25BB}.Release|Any CPU.Build.0 = Release|Any CPU
	EndGlobalSection
	GlobalSection(SolutionProperties) = preSolution
		HideSolutionNode = FALSE
	EndGlobalSection
	GlobalSection(ExtensibilityGlobals) = postSolution
		SolutionGuid = {9E0F7E58-C0ED-4C02-9A44-C8F76BBC4E23}
	EndGlobalSection
EndGlobal
